
Microsoft Visual Studio Solution File, Format Version 12.00
# Visual Studio Version 17
VisualStudioVersion = 17.9.34723.18
MinimumVisualStudioVersion = 10.0.40219.1
Project("{FAE04EC0-301F-11D3-BF4B-00C04F79EFBC}") = "Module 8_1", "Module 8_1\Module 8_1.csproj", "{CACCB46A-D2A4-4BA0-A6BD-58F3AA2CF79E}"
EndProject
Global
	GlobalSection(SolutionConfigurationPlatforms) = preSolution
		Debug|Any CPU = Debug|Any CPU
		Release|Any CPU = Release|Any CPU
	EndGlobalSection
	GlobalSection(ProjectConfigurationPlatforms) = postSolution
		{CACCB46A-D2A4-4BA0-A6BD-58F3AA2CF79E}.Debug|Any CPU.ActiveCfg = Debug|Any CPU
		{CACCB46A-D2A4-4BA0-A6BD-58F3AA2CF79E}.Debug|Any CPU.Build.0 = Debug|Any CPU
		{CACCB46A-D2A4-4BA0-A6BD-58F3AA2CF79E}.Release|Any CPU.ActiveCfg = Release|Any CPU
		{CACCB46A-D2A4-4BA0-A6BD-58F3AA2CF79E}.Release|Any CPU.Build.0 = Release|Any CPU
	EndGlobalSection
	GlobalSection(SolutionProperties) = preSolution
		HideSolutionNode = FALSE
	EndGlobalSection
	GlobalSection(ExtensibilityGlobals) = postSolution
		SolutionGuid = {77A96258-ACC3-4CB4-8C57-0EB3DC8AB983}
	EndGlobalSection
EndGlobal
